<?xml version="1.0" encoding="utf-8"?>
<Project ToolsVersion="4.0" xmlns="http://schemas.microsoft.com/developer/msbuild/2003">
  <ItemGroup>
    <Filter Include="Source Files">
      <UniqueIdentifier>{4FC737F1-C7A5-4376-A066-2A32D752A2FF}</UniqueIdentifier>
      <Extensions>cpp;c;cc;cxx;def;odl;idl;hpj;bat;asm;asmx</Extensions>
    </Filter>
    <Filter Include="Header Files">
      <UniqueIdentifier>{93995380-89BD-4b04-88EB-625FBE52EBFB}</UniqueIdentifier>
      <Extensions>h;hh;hpp;hxx;hm;inl;inc;xsd</Extensions>
    </Filter>
    <Filter Include="Resource Files">
      <UniqueIdentifier>{67DA6AB6-F800-4c08-8B7A-83BB121AAD01}</UniqueIdentifier>
      <Extensions>rc;ico;cur;bmp;dlg;rc2;rct;bin;rgs;gif;jpg;jpeg;jpe;resx;tiff;tif;png;wav;mfcribbon-ms</Extensions>
    </Filter>
  </ItemGroup>
  <ItemGroup>
    <ClCompile Include="stdafx.cpp">
      <Filter>Source Files</Filter>
    </ClCompile>
    <ClCompile Include="FileUtils.cpp">
      <Filter>Source Files</Filter>
    </ClCompile>
    <ClCompile Include="FolderFiles.cpp">
      <Filter>Source Files</Filter>
    </ClCompile>
    <ClCompile Include="MatlabFunctions.cpp">
      <Filter>Source Files</Filter>
    </ClCompile>
    <ClCompile Include="MatrixTransform.cpp">
      <Filter>Source Files</Filter>
    </ClCompile>
    <ClCompile Include="VectorTransform.cpp">
      <Filter>Source Files</Filter>
    </ClCompile>
    <ClCompile Include="ReadEtalons.cpp">
      <Filter>Source Files</Filter>
    </ClCompile>
    <ClCompile Include="SpectrumAnalysis.cpp">
      <Filter>Source Files</Filter>
    </ClCompile>
    <ClCompile Include="FFTAnalysis.cpp">
      <Filter>Source Files</Filter>
    </ClCompile>
    <ClCompile Include="RegrKoefAnalysis.cpp">
      <Filter>Source Files</Filter>
    </ClCompile>
    <ClCompile Include="SpectrumTypeTransf.cpp">
      <Filter>Source Files</Filter>
    </ClCompile>
    <ClCompile Include="VoiceRecognition.cpp">
      <Filter>Source Files</Filter>
    </ClCompile>
    <ClCompile Include="WavReader.cpp">
      <Filter>Source Files</Filter>
    </ClCompile>
    <ClCompile Include="VoiceWrite.cpp">
      <Filter>Source Files</Filter>
    </ClCompile>
    <ClCompile Include="InputParameters.cpp">
      <Filter>Source Files</Filter>
    </ClCompile>
    <ClCompile Include="FindingMaxKoef.cpp">
      <Filter>Source Files</Filter>
    </ClCompile>
  </ItemGroup>
  <ItemGroup>
    <ClInclude Include="stdafx.h">
      <Filter>Header Files</Filter>
    </ClInclude>
    <ClInclude Include="targetver.h">
      <Filter>Header Files</Filter>
    </ClInclude>
    <ClInclude Include="FileUtils.h">
      <Filter>Header Files</Filter>
    </ClInclude>
    <ClInclude Include="FolderFiles.h">
      <Filter>Header Files</Filter>
    </ClInclude>
    <ClInclude Include="MatlabFunctions.h">
      <Filter>Header Files</Filter>
    </ClInclude>
    <ClInclude Include="MatrixTransform.h">
      <Filter>Header Files</Filter>
    </ClInclude>
    <ClInclude Include="VectorTransform.h">
      <Filter>Header Files</Filter>
    </ClInclude>
    <ClInclude Include="ReadEtalons.h">
      <Filter>Header Files</Filter>
    </ClInclude>
    <ClInclude Include="SpectrumAnalysis.h">
      <Filter>Header Files</Filter>
    </ClInclude>
    <ClInclude Include="WavReader.h">
      <Filter>Header Files</Filter>
    </ClInclude>
    <ClInclude Include="FFTAnalysis.h">
      <Filter>Header Files</Filter>
    </ClInclude>
    <ClInclude Include="RegrKoefAnalysis.h">
      <Filter>Header Files</Filter>
    </ClInclude>
    <ClInclude Include="SpectrumTypeTransf.h">
      <Filter>Header Files</Filter>
    </ClInclude>
    <ClInclude Include="VoiceWrite.h">
      <Filter>Header Files</Filter>
    </ClInclude>
    <ClInclude Include="InputParameters.h">
      <Filter>Header Files</Filter>
    </ClInclude>
    <ClInclude Include="FindingMaxKoef.h">
      <Filter>Header Files</Filter>
    </ClInclude>
  </ItemGroup>
</Project>